
Microsoft Visual Studio Solution File, Format Version 12.00
# Visual Studio Version 16
VisualStudioVersion = 16.0.29911.84
MinimumVisualStudioVersion = 10.0.40219.1
Project("{FAE04EC0-301F-11D3-BF4B-00C04F79EFBC}") = "TPOgame", "TPOgame\TPOgame.csproj", "{30ED1CCC-E102-4DD7-9941-ECE77306E35F}"
EndProject
Global
	GlobalSection(SolutionConfigurationPlatforms) = preSolution
		Debug|Any CPU = Debug|Any CPU
		Release|Any CPU = Release|Any CPU
	EndGlobalSection
	GlobalSection(ProjectConfigurationPlatforms) = postSolution
		{30ED1CCC-E102-4DD7-9941-ECE77306E35F}.Debug|Any CPU.ActiveCfg = Debug|Any CPU
		{30ED1CCC-E102-4DD7-9941-ECE77306E35F}.Debug|Any CPU.Build.0 = Debug|Any CPU
		{30ED1CCC-E102-4DD7-9941-ECE77306E35F}.Release|Any CPU.ActiveCfg = Release|Any CPU
		{30ED1CCC-E102-4DD7-9941-ECE77306E35F}.Release|Any CPU.Build.0 = Release|Any CPU
	EndGlobalSection
	GlobalSection(SolutionProperties) = preSolution
		HideSolutionNode = FALSE
	EndGlobalSection
	GlobalSection(ExtensibilityGlobals) = postSolution
		SolutionGuid = {AF6A15F3-DD97-4D2E-9457-A8D38BC69FC3}
	EndGlobalSection
EndGlobal
